
Microsoft Visual Studio Solution File, Format Version 12.00
# Visual Studio Version 16
VisualStudioVersion = 16.0.810.25
MinimumVisualStudioVersion = 10.0.40219.1
Project("{FAE04EC0-301F-11D3-BF4B-00C04F79EFBC}") = "FavoriteCat", "FavoriteCat\FavoriteCat.csproj", "{014E2BF0-FCAE-426B-AA27-AD4348F496A4}"
EndProject
Global
	GlobalSection(SolutionConfigurationPlatforms) = preSolution
		Debug|Any CPU = Debug|Any CPU
		Release|Any CPU = Release|Any CPU
	EndGlobalSection
	GlobalSection(ProjectConfigurationPlatforms) = postSolution
		{014E2BF0-FCAE-426B-AA27-AD4348F496A4}.Debug|Any CPU.ActiveCfg = Debug|Any CPU
		{014E2BF0-FCAE-426B-AA27-AD4348F496A4}.Debug|Any CPU.Build.0 = Debug|Any CPU
		{014E2BF0-FCAE-426B-AA27-AD4348F496A4}.Release|Any CPU.ActiveCfg = Release|Any CPU
		{014E2BF0-FCAE-426B-AA27-AD4348F496A4}.Release|Any CPU.Build.0 = Release|Any CPU
	EndGlobalSection
	GlobalSection(SolutionProperties) = preSolution
		HideSolutionNode = FALSE
	EndGlobalSection
	GlobalSection(ExtensibilityGlobals) = postSolution
		SolutionGuid = {8ED5C066-8E37-4CC6-B40D-3D129FE7728D}
	EndGlobalSection
EndGlobal
